
Microsoft Visual Studio Solution File, Format Version 12.00
# Visual Studio Version 17
VisualStudioVersion = 17.12.35527.113
MinimumVisualStudioVersion = 10.0.40219.1
Project("{FAE04EC0-301F-11D3-BF4B-00C04F79EFBC}") = "train", "train\train.csproj", "{C3A57930-BA4E-48AB-9B90-FBC55AC8591F}"
EndProject
Project("{FAE04EC0-301F-11D3-BF4B-00C04F79EFBC}") = "Project.Tests", "Project.Tests\Project.Tests.csproj", "{D7813D56-898B-40F5-B34A-66C839B7AF97}"
EndProject
Global
	GlobalSection(SolutionConfigurationPlatforms) = preSolution
		Debug|Any CPU = Debug|Any CPU
		Release|Any CPU = Release|Any CPU
	EndGlobalSection
	GlobalSection(ProjectConfigurationPlatforms) = postSolution
		{C3A57930-BA4E-48AB-9B90-FBC55AC8591F}.Debug|Any CPU.ActiveCfg = Debug|Any CPU
		{C3A57930-BA4E-48AB-9B90-FBC55AC8591F}.Debug|Any CPU.Build.0 = Debug|Any CPU
		{C3A57930-BA4E-48AB-9B90-FBC55AC8591F}.Release|Any CPU.ActiveCfg = Release|Any CPU
		{C3A57930-BA4E-48AB-9B90-FBC55AC8591F}.Release|Any CPU.Build.0 = Release|Any CPU
		{D7813D56-898B-40F5-B34A-66C839B7AF97}.Debug|Any CPU.ActiveCfg = Debug|Any CPU
		{D7813D56-898B-40F5-B34A-66C839B7AF97}.Debug|Any CPU.Build.0 = Debug|Any CPU
		{D7813D56-898B-40F5-B34A-66C839B7AF97}.Release|Any CPU.ActiveCfg = Release|Any CPU
		{D7813D56-898B-40F5-B34A-66C839B7AF97}.Release|Any CPU.Build.0 = Release|Any CPU
	EndGlobalSection
	GlobalSection(SolutionProperties) = preSolution
		HideSolutionNode = FALSE
	EndGlobalSection
EndGlobal
